
Microsoft Visual Studio Solution File, Format Version 12.00
# Visual Studio 15
VisualStudioVersion = 15.0.26730.12
MinimumVisualStudioVersion = 10.0.40219.1
Project("{2150E333-8FDC-42A3-9474-1A3956D46DE8}") = "Solution Items", "Solution Items", "{E5A0B454-22D4-4694-99FF-D6A8B7DE7DA3}"
	ProjectSection(SolutionItems) = preProject
		Tests\Default.testsettings = Tests\Default.testsettings
		Src\FluentAssertions.nuspec = Src\FluentAssertions.nuspec
		README.md = README.md
	EndProjectSection
EndProject
Project("{D954291E-2A0B-460D-934E-DC6B0785DB48}") = "Json.Shared.Specs", "Tests\FluentAssertions.Json.Shared.Specs\Json.Shared.Specs.shproj", "{845ED06B-1F6D-4442-BCCC-52483561F447}"
EndProject
Project("{FAE04EC0-301F-11D3-BF4B-00C04F79EFBC}") = "Json.Net45.Specs", "Tests\FluentAssertions.Json.Net45.Specs\Json.Net45.Specs.csproj", "{63A1554C-DB57-463A-9DF4-2748EB403DD9}"
EndProject
Project("{9A19103F-16F7-4668-BE54-9A1E7A4F7556}") = "FluentAssertions.Json", "Src\FluentAssertions.Json\FluentAssertions.Json.csproj", "{C1D6C0EB-A488-4166-A313-F024C5B6DF5A}"
EndProject
Global
	GlobalSection(SharedMSBuildProjectFiles) = preSolution
		Tests\FluentAssertions.Json.Shared.Specs\Shared.Json.Specs.projitems*{63a1554c-db57-463a-9df4-2748eb403dd9}*SharedItemsImports = 4
		Tests\FluentAssertions.Json.Shared.Specs\Shared.Json.Specs.projitems*{845ed06b-1f6d-4442-bccc-52483561f447}*SharedItemsImports = 13
	EndGlobalSection
	GlobalSection(SolutionConfigurationPlatforms) = preSolution
		Debug|Any CPU = Debug|Any CPU
		Debug|ARM = Debug|ARM
		Debug|Mixed Platforms = Debug|Mixed Platforms
		Debug|x64 = Debug|x64
		Debug|x86 = Debug|x86
		Release|Any CPU = Release|Any CPU
		Release|ARM = Release|ARM
		Release|Mixed Platforms = Release|Mixed Platforms
		Release|x64 = Release|x64
		Release|x86 = Release|x86
	EndGlobalSection
	GlobalSection(ProjectConfigurationPlatforms) = postSolution
		{63A1554C-DB57-463A-9DF4-2748EB403DD9}.Debug|Any CPU.ActiveCfg = Debug|Any CPU
		{63A1554C-DB57-463A-9DF4-2748EB403DD9}.Debug|Any CPU.Build.0 = Debug|Any CPU
		{63A1554C-DB57-463A-9DF4-2748EB403DD9}.Debug|ARM.ActiveCfg = Debug|Any CPU
		{63A1554C-DB57-463A-9DF4-2748EB403DD9}.Debug|ARM.Build.0 = Debug|Any CPU
		{63A1554C-DB57-463A-9DF4-2748EB403DD9}.Debug|Mixed Platforms.ActiveCfg = Debug|Any CPU
		{63A1554C-DB57-463A-9DF4-2748EB403DD9}.Debug|Mixed Platforms.Build.0 = Debug|Any CPU
		{63A1554C-DB57-463A-9DF4-2748EB403DD9}.Debug|x64.ActiveCfg = Debug|Any CPU
		{63A1554C-DB57-463A-9DF4-2748EB403DD9}.Debug|x64.Build.0 = Debug|Any CPU
		{63A1554C-DB57-463A-9DF4-2748EB403DD9}.Debug|x86.ActiveCfg = Debug|Any CPU
		{63A1554C-DB57-463A-9DF4-2748EB403DD9}.Debug|x86.Build.0 = Debug|Any CPU
		{63A1554C-DB57-463A-9DF4-2748EB403DD9}.Release|Any CPU.ActiveCfg = Release|Any CPU
		{63A1554C-DB57-463A-9DF4-2748EB403DD9}.Release|Any CPU.Build.0 = Release|Any CPU
		{63A1554C-DB57-463A-9DF4-2748EB403DD9}.Release|ARM.ActiveCfg = Release|Any CPU
		{63A1554C-DB57-463A-9DF4-2748EB403DD9}.Release|ARM.Build.0 = Release|Any CPU
		{63A1554C-DB57-463A-9DF4-2748EB403DD9}.Release|Mixed Platforms.ActiveCfg = Release|Any CPU
		{63A1554C-DB57-463A-9DF4-2748EB403DD9}.Release|Mixed Platforms.Build.0 = Release|Any CPU
		{63A1554C-DB57-463A-9DF4-2748EB403DD9}.Release|x64.ActiveCfg = Release|Any CPU
		{63A1554C-DB57-463A-9DF4-2748EB403DD9}.Release|x64.Build.0 = Release|Any CPU
		{63A1554C-DB57-463A-9DF4-2748EB403DD9}.Release|x86.ActiveCfg = Release|Any CPU
		{63A1554C-DB57-463A-9DF4-2748EB403DD9}.Release|x86.Build.0 = Release|Any CPU
		{C1D6C0EB-A488-4166-A313-F024C5B6DF5A}.Debug|Any CPU.ActiveCfg = Debug|Any CPU
		{C1D6C0EB-A488-4166-A313-F024C5B6DF5A}.Debug|Any CPU.Build.0 = Debug|Any CPU
		{C1D6C0EB-A488-4166-A313-F024C5B6DF5A}.Debug|ARM.ActiveCfg = Debug|Any CPU
		{C1D6C0EB-A488-4166-A313-F024C5B6DF5A}.Debug|ARM.Build.0 = Debug|Any CPU
		{C1D6C0EB-A488-4166-A313-F024C5B6DF5A}.Debug|Mixed Platforms.ActiveCfg = Debug|Any CPU
		{C1D6C0EB-A488-4166-A313-F024C5B6DF5A}.Debug|Mixed Platforms.Build.0 = Debug|Any CPU
		{C1D6C0EB-A488-4166-A313-F024C5B6DF5A}.Debug|x64.ActiveCfg = Debug|Any CPU
		{C1D6C0EB-A488-4166-A313-F024C5B6DF5A}.Debug|x64.Build.0 = Debug|Any CPU
		{C1D6C0EB-A488-4166-A313-F024C5B6DF5A}.Debug|x86.ActiveCfg = Debug|Any CPU
		{C1D6C0EB-A488-4166-A313-F024C5B6DF5A}.Debug|x86.Build.0 = Debug|Any CPU
		{C1D6C0EB-A488-4166-A313-F024C5B6DF5A}.Release|Any CPU.ActiveCfg = Release|Any CPU
		{C1D6C0EB-A488-4166-A313-F024C5B6DF5A}.Release|Any CPU.Build.0 = Release|Any CPU
		{C1D6C0EB-A488-4166-A313-F024C5B6DF5A}.Release|ARM.ActiveCfg = Release|Any CPU
		{C1D6C0EB-A488-4166-A313-F024C5B6DF5A}.Release|ARM.Build.0 = Release|Any CPU
		{C1D6C0EB-A488-4166-A313-F024C5B6DF5A}.Release|Mixed Platforms.ActiveCfg = Release|Any CPU
		{C1D6C0EB-A488-4166-A313-F024C5B6DF5A}.Release|Mixed Platforms.Build.0 = Release|Any CPU
		{C1D6C0EB-A488-4166-A313-F024C5B6DF5A}.Release|x64.ActiveCfg = Release|Any CPU
		{C1D6C0EB-A488-4166-A313-F024C5B6DF5A}.Release|x64.Build.0 = Release|Any CPU
		{C1D6C0EB-A488-4166-A313-F024C5B6DF5A}.Release|x86.ActiveCfg = Release|Any CPU
		{C1D6C0EB-A488-4166-A313-F024C5B6DF5A}.Release|x86.Build.0 = Release|Any CPU
	EndGlobalSection
	GlobalSection(SolutionProperties) = preSolution
		HideSolutionNode = FALSE
	EndGlobalSection
	GlobalSection(ExtensibilityGlobals) = postSolution
		SolutionGuid = {7ADF613B-0008-464D-BAFE-4DA09B77A387}
	EndGlobalSection
	GlobalSection(MonoDevelopProperties) = preSolution
		StartupItem = FluentAssertions.Silverlight\Silverlight.csproj
	EndGlobalSection
EndGlobal
